{"1.2.0",
[{<<"canister">>,{pkg,<<"canister">>,<<"0.1.1">>},0},
 {<<"cf">>,{pkg,<<"cf">>,<<"0.3.1">>},2},
 {<<"erlang_ds">>,{pkg,<<"erlang_ds">>,<<"0.4.3">>},0},
 {<<"erlware_commons">>,{pkg,<<"erlware_commons">>,<<"1.9.1">>},1},
 {<<"meck">>,{pkg,<<"meck">>,<<"1.2.0">>},1},
 {<<"mutagen">>,{pkg,<<"mutagen">>,<<"0.1.0">>},1},
 {<<"nitro_cache">>,{pkg,<<"nitro_cache">>,<<"0.5.0">>},0},
 {<<"nitro_qrcode">>,{pkg,<<"nitro_qrcode">>,<<"1.1.0">>},0},
 {<<"nitro_secret">>,{pkg,<<"nitro_secret">>,<<"0.1.0">>},0},
 {<<"nprocreg">>,{pkg,<<"nprocreg">>,<<"0.3.0">>},0},
 {<<"qdate">>,{pkg,<<"qdate">>,<<"0.7.4">>},0},
 {<<"qdate_localtime">>,{pkg,<<"qdate_localtime">>,<<"1.2.2">>},1},
 {<<"rebar3_dirs">>,{pkg,<<"rebar3_dirs">>,<<"0.1.0">>},1},
 {<<"rekt">>,{pkg,<<"rekt">>,<<"0.1.0">>},0},
 {<<"simple_bridge">>,{pkg,<<"simple_bridge">>,<<"2.3.1">>},0}]}.
[
{pkg_hash,[
 {<<"canister">>, <<"FDEEF86275BC7CCF36C47D1DEF98599825FE6C794BE4B15DC40B2E2C15B3015A">>},
 {<<"cf">>, <<"5CB902239476E141EA70A740340233782D363A31EEA8AD37049561542E6CD641">>},
 {<<"erlang_ds">>, <<"718162268EAE88C23693743C46A5A9096F07DFB59761617BB3795D1B60A2DD53">>},
 {<<"erlware_commons">>, <<"3EF1244D9E57C884A5B4A13CB59E51FCED282BF638E0BCC5386AC4294568314E">>},
 {<<"meck">>, <<"C3618447506589A2931BE80D006EA883AFF156DD56E8822F7C1BB49896E94EDB">>},
 {<<"mutagen">>, <<"18EFF9F0E6C570F278ABFC6255D4674D0FD3F9A84D3749BE60F473F4124A9055">>},
 {<<"nitro_cache">>, <<"704E4893B4EB537342C561908BE8EB022E8AAABB16A914B702568F7958EC2945">>},
 {<<"nitro_qrcode">>, <<"F424A2C71C0A1A471B5669516A3E9E823E3F27E4468D4A9F89C18D9DA42E1622">>},
 {<<"nitro_secret">>, <<"F0B3C0F7530D0E9E467C2706F6535EA8035A62B010D85206EE4BF0D3C9CAABFD">>},
 {<<"nprocreg">>, <<"A06EEBA26CC8FBB066537CBB57B89E8C8121B75B0F5F5FB8FD14FE68ADF650D3">>},
 {<<"qdate">>, <<"C76B435ADD3F050C41702AB1C806E7B88748DBE75B2B91A8CF2377FE13C18B45">>},
 {<<"qdate_localtime">>, <<"43E1B20102F50A8B2A2BE7042C2F6BE989AD96CA2CC319DB5DF56E122E8873F6">>},
 {<<"rebar3_dirs">>, <<"2CE245B69309A43FCFCC902B739F678257F1AB7A78BD6CFA923BB652C316D879">>},
 {<<"rekt">>, <<"00974FD28C4532017332769CE48C57F62FD7A61EA61EFFD862A920898CA7228E">>},
 {<<"simple_bridge">>, <<"ED89F733ADB415069940A12F5EABC45E7363E9C3C4A88B8324072C2F750E29D1">>}]},
{pkg_hash_ext,[
 {<<"canister">>, <<"396A66AA3586C37D5CA93BE97D3FC1EEC7FA454B9324B70467F68C152A9A4164">>},
 {<<"cf">>, <<"315E8D447D3A4B02BCDBFA397AD03BBB988A6E0AA6F44D3ADD0F4E3C3BF97672">>},
 {<<"erlang_ds">>, <<"EDDFAA8F5AAD3111DE4F9BBF0758AF91E8FECF2A4BEB8DE34A9DA3C46992C24C">>},
 {<<"erlware_commons">>, <<"995313D2C57743E50E8597ACE165057762E9B9CF9F7A5F7E95EAFF631384E844">>},
 {<<"meck">>, <<"A2CFD08306EF4992DB7CD2AA3521B797456ABEC9F562F3F0341633052DEE4AF9">>},
 {<<"mutagen">>, <<"59F25DF87A6F99B605A96F2338983631A8186B5B28988739D6B880C2D86DF72E">>},
 {<<"nitro_cache">>, <<"9AC03DFEA58CC9C6B329A6E42B3A64663D2A23D1B8E227B557E0CE1EDF872E7F">>},
 {<<"nitro_qrcode">>, <<"A74A54CE129E2EAC6E00864865C5122E5B75FEF30C9F916C7772F1AA22436C59">>},
 {<<"nitro_secret">>, <<"C66515BCCF8C37759BD815B4833411730A05E8E08D1F6710C677BAD59B465663">>},
 {<<"nprocreg">>, <<"5867CA211A24577BA273B41C9B43A48697F6B0DE9DDE56F73CA9205C775F9AB0">>},
 {<<"qdate">>, <<"34F00C59A2643C3DB027605955174466C4D37AE07B7050FA44FE3FF96E74E37B">>},
 {<<"qdate_localtime">>, <<"A38D5F1C5AE14B22F471E442B262AECCAFB915B664C7C364443DC73179C50FDA">>},
 {<<"rebar3_dirs">>, <<"1B9FFAC770AF4CF77945ED4DAD22FF30BD999514765B5CCA11C7E5580CDB6720">>},
 {<<"rekt">>, <<"E9FF5EF2D465A1839DA2E8C0F51B3FF609B29713A9091385C8724902B4E3EC5F">>},
 {<<"simple_bridge">>, <<"ABFEF582887BCC5FFF1A879A584DEE38D1098DF5B082F4058C73D5AA9CBC60E3">>}]}
].
